PODS:
  - Alamofire (5.8.1)
  - Flutter (1.0.0)
  - flutter_osm_plugin (0.0.1):
    - Alamofire
    - Flutter
    - Polyline
    - Tangram-es
    - Yams
  - geocoding_ios (1.0.5):
    - Flutter
  - geolocator_apple (1.2.0):
    - Flutter
  - isar_flutter_libs (1.0.0):
    - Flutter
  - path_provider_foundation (0.0.1):
    - Flutter
    - FlutterMacOS
  - permission_handler_apple (9.1.1):
    - Flutter
  - Polyline (5.1.0)
  - Tangram-es (0.17.1)
  - url_launcher_ios (0.0.1):
    - Flutter
  - workmanager (0.0.1):
    - Flutter
  - Yams (5.0.6)

DEPENDENCIES:
  - Flutter (from `Flutter`)
  - flutter_osm_plugin (from `.symlinks/plugins/flutter_osm_plugin/ios`)
  - geocoding_ios (from `.symlinks/plugins/geocoding_ios/ios`)
  - geolocator_apple (from `.symlinks/plugins/geolocator_apple/ios`)
  - isar_flutter_libs (from `.symlinks/plugins/isar_flutter_libs/ios`)
  - path_provider_foundation (from `.symlinks/plugins/path_provider_foundation/darwin`)
  - permission_handler_apple (from `.symlinks/plugins/permission_handler_apple/ios`)
  - url_launcher_ios (from `.symlinks/plugins/url_launcher_ios/ios`)
  - workmanager (from `.symlinks/plugins/workmanager/ios`)

SPEC REPOS:
  trunk:
    - Alamofire
    - Polyline
    - Tangram-es
    - Yams

EXTERNAL SOURCES:
  Flutter:
    :path: Flutter
  flutter_osm_plugin:
    :path: ".symlinks/plugins/flutter_osm_plugin/ios"
  geocoding_ios:
    :path: ".symlinks/plugins/geocoding_ios/ios"
  geolocator_apple:
    :path: ".symlinks/plugins/geolocator_apple/ios"
  isar_flutter_libs:
    :path: ".symlinks/plugins/isar_flutter_libs/ios"
  path_provider_foundation:
    :path: ".symlinks/plugins/path_provider_foundation/darwin"
  permission_handler_apple:
    :path: ".symlinks/plugins/permission_handler_apple/ios"
  url_launcher_ios:
    :path: ".symlinks/plugins/url_launcher_ios/ios"
  workmanager:
    :path: ".symlinks/plugins/workmanager/ios"

SPEC CHECKSUMS:
  Alamofire: 3ca42e259043ee0dc5c0cdd76c4bc568b8e42af7
  Flutter: e0871f40cf51350855a761d2e70bf5af5b9b5de7
  flutter_osm_plugin: a661df71d2a3d1698ee410dd2272c8536f9e46f4
  geocoding_ios: a389ea40f6f548de6e63006a2e31bf66ff80769a
  geolocator_apple: 9157311f654584b9bb72686c55fc02a97b73f461
  isar_flutter_libs: b69f437aeab9c521821c3f376198c4371fa21073
  path_provider_foundation: 3784922295ac71e43754bd15e0653ccfd36a147c
  permission_handler_apple: e76247795d700c14ea09e3a2d8855d41ee80a2e6
  Polyline: 2a1f29f87f8d9b7de868940f4f76deb8c678a5b1
  Tangram-es: 628b634f7fc09d2217469b9914de00d9de49ff9d
  url_launcher_ios: bbd758c6e7f9fd7b5b1d4cde34d2b95fcce5e812
  workmanager: 0afdcf5628bbde6924c21af7836fed07b42e30e6
  Yams: e10dae147f517ed57ecae37c5e8681bdf8fcab65

PODFILE CHECKSUM: 1afb412608b8e1daa398fb36d853e787f0d44a02

COCOAPODS: 1.14.3
